Microsoft Visual Studio Solution File, Format Version 11.00
# Visual Studio 2008

Project("{F42E4A4D-4E59-A4E6-6AB0-9E0467F357ED}") = "jogos digitais-3", "Assembly-CSharp-firstpass.csproj", "{87084F93-2F8B-180D-7B1A-E7D1326C0676}"
EndProject
Project("{F42E4A4D-4E59-A4E6-6AB0-9E0467F357ED}") = "jogos digitais-3", "Assembly-CSharp.csproj", "{DE08B389-509A-E6FD-7EE3-180DEC48D6E4}"
EndProject
Global
	GlobalSection(SolutionConfigurationPlatforms) = preSolution
		Debug|Any CPU = Debug|Any CPU
		Release|Any CPU = Release|Any CPU
	EndGlobalSection
	GlobalSection(ProjectConfigurationPlatforms) = postSolution
		{87084F93-2F8B-180D-7B1A-E7D1326C0676}.Debug|Any CPU.ActiveCfg = Debug|Any CPU
		{87084F93-2F8B-180D-7B1A-E7D1326C0676}.Debug|Any CPU.Build.0 = Debug|Any CPU
		{87084F93-2F8B-180D-7B1A-E7D1326C0676}.Release|Any CPU.ActiveCfg = Release|Any CPU
		{87084F93-2F8B-180D-7B1A-E7D1326C0676}.Release|Any CPU.Build.0 = Release|Any CPU
		{DE08B389-509A-E6FD-7EE3-180DEC48D6E4}.Debug|Any CPU.ActiveCfg = Debug|Any CPU
		{DE08B389-509A-E6FD-7EE3-180DEC48D6E4}.Debug|Any CPU.Build.0 = Debug|Any CPU
		{DE08B389-509A-E6FD-7EE3-180DEC48D6E4}.Release|Any CPU.ActiveCfg = Release|Any CPU
		{DE08B389-509A-E6FD-7EE3-180DEC48D6E4}.Release|Any CPU.Build.0 = Release|Any CPU
	EndGlobalSection
	GlobalSection(SolutionProperties) = preSolution
		HideSolutionNode = FALSE
	EndGlobalSection
	GlobalSection(MonoDevelopProperties) = preSolution
		StartupItem = Assembly-CSharp.csproj
	EndGlobalSection
EndGlobal
